
Microsoft Visual Studio Solution File, Format Version 12.00
# Visual Studio Version 17
VisualStudioVersion = 17.2.32602.215
MinimumVisualStudioVersion = 10.0.40219.1
Project("{9A19103F-16F7-4668-BE54-9A1E7A4F7556}") = "Books.API", "Books.API\Books.API.csproj", "{CCC63716-4320-4621-B97E-1287CD109C43}"
EndProject
Project("{9A19103F-16F7-4668-BE54-9A1E7A4F7556}") = "BookCovers.API", "BookCovers.API\BookCovers.API.csproj", "{7F26A3B8-ABAB-4350-83E3-C06FB80F34CF}"
EndProject
Project("{9A19103F-16F7-4668-BE54-9A1E7A4F7556}") = "Books.Legacy", "Books.Legacy\Books.Legacy.csproj", "{ECC426C6-8EAA-4EEB-A931-B076E266CABD}"
EndProject
Global
	GlobalSection(SolutionConfigurationPlatforms) = preSolution
		Debug|Any CPU = Debug|Any CPU
		Release|Any CPU = Release|Any CPU
	EndGlobalSection
	GlobalSection(ProjectConfigurationPlatforms) = postSolution
		{CCC63716-4320-4621-B97E-1287CD109C43}.Debug|Any CPU.ActiveCfg = Debug|Any CPU
		{CCC63716-4320-4621-B97E-1287CD109C43}.Debug|Any CPU.Build.0 = Debug|Any CPU
		{CCC63716-4320-4621-B97E-1287CD109C43}.Release|Any CPU.ActiveCfg = Release|Any CPU
		{CCC63716-4320-4621-B97E-1287CD109C43}.Release|Any CPU.Build.0 = Release|Any CPU
		{7F26A3B8-ABAB-4350-83E3-C06FB80F34CF}.Debug|Any CPU.ActiveCfg = Debug|Any CPU
		{7F26A3B8-ABAB-4350-83E3-C06FB80F34CF}.Debug|Any CPU.Build.0 = Debug|Any CPU
		{7F26A3B8-ABAB-4350-83E3-C06FB80F34CF}.Release|Any CPU.ActiveCfg = Release|Any CPU
		{7F26A3B8-ABAB-4350-83E3-C06FB80F34CF}.Release|Any CPU.Build.0 = Release|Any CPU
		{ECC426C6-8EAA-4EEB-A931-B076E266CABD}.Debug|Any CPU.ActiveCfg = Debug|Any CPU
		{ECC426C6-8EAA-4EEB-A931-B076E266CABD}.Debug|Any CPU.Build.0 = Debug|Any CPU
		{ECC426C6-8EAA-4EEB-A931-B076E266CABD}.Release|Any CPU.ActiveCfg = Release|Any CPU
		{ECC426C6-8EAA-4EEB-A931-B076E266CABD}.Release|Any CPU.Build.0 = Release|Any CPU
	EndGlobalSection
	GlobalSection(SolutionProperties) = preSolution
		HideSolutionNode = FALSE
	EndGlobalSection
	GlobalSection(ExtensibilityGlobals) = postSolution
		SolutionGuid = {0B0E52AB-2CEE-413F-BCFC-D6295F0B3221}
	EndGlobalSection
EndGlobal
